
Microsoft Visual Studio Solution File, Format Version 12.00
# Visual Studio Version 16
VisualStudioVersion = 16.0.32802.440
MinimumVisualStudioVersion = 10.0.40219.1
Project("{FAE04EC0-301F-11D3-BF4B-00C04F79EFBC}") = "Unach.Entrenador.API", "Unach.Entrenador.API\Unach.Entrenador.API.csproj", "{1D8EB5C7-3AF7-4FC0-A0AA-EEC0BF715F08}"
EndProject
Project("{FAE04EC0-301F-11D3-BF4B-00C04F79EFBC}") = "Unach.Entrenador.Core", "Unach.Entrenador.Core\Unach.Entrenador.Core.csproj", "{34825037-028E-4D8F-9C1E-9C11C2BDE340}"
EndProject
Global
	GlobalSection(SolutionConfigurationPlatforms) = preSolution
		Debug|Any CPU = Debug|Any CPU
		Release|Any CPU = Release|Any CPU
	EndGlobalSection
	GlobalSection(ProjectConfigurationPlatforms) = postSolution
		{1D8EB5C7-3AF7-4FC0-A0AA-EEC0BF715F08}.Debug|Any CPU.ActiveCfg = Debug|Any CPU
		{1D8EB5C7-3AF7-4FC0-A0AA-EEC0BF715F08}.Debug|Any CPU.Build.0 = Debug|Any CPU
		{1D8EB5C7-3AF7-4FC0-A0AA-EEC0BF715F08}.Release|Any CPU.ActiveCfg = Release|Any CPU
		{1D8EB5C7-3AF7-4FC0-A0AA-EEC0BF715F08}.Release|Any CPU.Build.0 = Release|Any CPU
		{34825037-028E-4D8F-9C1E-9C11C2BDE340}.Debug|Any CPU.ActiveCfg = Debug|Any CPU
		{34825037-028E-4D8F-9C1E-9C11C2BDE340}.Debug|Any CPU.Build.0 = Debug|Any CPU
		{34825037-028E-4D8F-9C1E-9C11C2BDE340}.Release|Any CPU.ActiveCfg = Release|Any CPU
		{34825037-028E-4D8F-9C1E-9C11C2BDE340}.Release|Any CPU.Build.0 = Release|Any CPU
	EndGlobalSection
	GlobalSection(SolutionProperties) = preSolution
		HideSolutionNode = FALSE
	EndGlobalSection
	GlobalSection(ExtensibilityGlobals) = postSolution
		SolutionGuid = {58805B78-A640-4D58-BDCB-7CF63840F7AA}
	EndGlobalSection
EndGlobal
